{
  "pins" : [
    {
      "identity" : "cascablecore-distribution",
      "kind" : "remoteSourceControl",
      "location" : "https://github.com/Cascable/cascablecore-distribution",
      "state" : {
        "revision" : "2f89781967b0a87173c98e7e2a12a7be2f174788",
        "version" : "12.2.1"
      }
    },
    {
      "identity" : "cascablecore-swift",
      "kind" : "remoteSourceControl",
      "location" : "https://github.com/cascable/cascablecore-swift",
      "state" : {
        "revision" : "dc0edeae40b04d112dea73ca40ed7ebef568491c",
        "version" : "12.2.1"
      }
    }
  ],
  "version" : 2
}
