{
  "object": {
    "pins": [
      {
        "package": "CascableCore",
        "repositoryURL": "git@github.com:Cascable/cascablecore-distribution",
        "state": {
          "branch": null,
          "revision": "b880e57274001bd92523bf2cff4af57f5b45a97a",
          "version": "10.0.1"
        }
      },
      {
        "package": "CascableCoreSwift",
        "repositoryURL": "https://github.com/cascable/cascablecore-swift",
        "state": {
          "branch": null,
          "revision": "41a339b79b9bd1b45e85d2bd6e90a1c9f7696e2b",
          "version": "10.0.1"
        }
      }
    ]
  },
  "version": 1
}
