{
  "object": {
    "pins": [
      {
        "package": "CascableCore",
        "repositoryURL": "git@github.com:Cascable/cascablecore-distribution",
        "state": {
          "branch": null,
          "revision": "cb4971b83a3cf85c5560dbc954f606b27dee2097",
          "version": "10.1.1"
        }
      },
      {
        "package": "CascableCoreSwift",
        "repositoryURL": "https://github.com/cascable/cascablecore-swift",
        "state": {
          "branch": null,
          "revision": "6a13d10f7dc72a2684a3e742b0421b501fa50756",
          "version": "10.1.1"
        }
      }
    ]
  },
  "version": 1
}
